
Microsoft Visual Studio Solution File, Format Version 12.00
# Visual Studio Version 16
VisualStudioVersion = 16.0.30717.126
MinimumVisualStudioVersion = 10.0.40219.1
Project("{FAE04EC0-301F-11D3-BF4B-00C04F79EFBC}") = "Gronk2000YCbCr422Converter", "Gronk2000YCbCr422Converter.csproj", "{6903355C-1FDC-4978-AAA4-65F54F3D9AA5}"
EndProject
Global
	GlobalSection(SolutionConfigurationPlatforms) = preSolution
		Debug|Any CPU = Debug|Any CPU
		Release|Any CPU = Release|Any CPU
	EndGlobalSection
	GlobalSection(ProjectConfigurationPlatforms) = postSolution
		{6903355C-1FDC-4978-AAA4-65F54F3D9AA5}.Debug|Any CPU.ActiveCfg = Debug|Any CPU
		{6903355C-1FDC-4978-AAA4-65F54F3D9AA5}.Debug|Any CPU.Build.0 = Debug|Any CPU
		{6903355C-1FDC-4978-AAA4-65F54F3D9AA5}.Release|Any CPU.ActiveCfg = Release|Any CPU
		{6903355C-1FDC-4978-AAA4-65F54F3D9AA5}.Release|Any CPU.Build.0 = Release|Any CPU
	EndGlobalSection
	GlobalSection(SolutionProperties) = preSolution
		HideSolutionNode = FALSE
	EndGlobalSection
	GlobalSection(ExtensibilityGlobals) = postSolution
		SolutionGuid = {BED3C881-B0B0-4536-905E-0986F7CC8535}
	EndGlobalSection
EndGlobal
